
Microsoft Visual Studio Solution File, Format Version 12.00
# Visual Studio 15
VisualStudioVersion = 15.0.27428.2015
MinimumVisualStudioVersion = 10.0.40219.1
Project("{FAE04EC0-301F-11D3-BF4B-00C04F79EFBC}") = "Wolfy", "Wolfy\Wolfy.csproj", "{29958F46-4C0E-4635-9047-86686657136E}"
EndProject
Global
	GlobalSection(SolutionConfigurationPlatforms) = preSolution
		Debug|Any CPU = Debug|Any CPU
		Release|Any CPU = Release|Any CPU
	EndGlobalSection
	GlobalSection(ProjectConfigurationPlatforms) = postSolution
		{29958F46-4C0E-4635-9047-86686657136E}.Debug|Any CPU.ActiveCfg = Debug|Any CPU
		{29958F46-4C0E-4635-9047-86686657136E}.Debug|Any CPU.Build.0 = Debug|Any CPU
		{29958F46-4C0E-4635-9047-86686657136E}.Release|Any CPU.ActiveCfg = Release|Any CPU
		{29958F46-4C0E-4635-9047-86686657136E}.Release|Any CPU.Build.0 = Release|Any CPU
	EndGlobalSection
	GlobalSection(SolutionProperties) = preSolution
		HideSolutionNode = FALSE
	EndGlobalSection
	GlobalSection(ExtensibilityGlobals) = postSolution
		SolutionGuid = {3841C025-4EC9-4167-827B-4A51FC9AB6BE}
	EndGlobalSection
EndGlobal
